// !$*UTF8*$!
{
	archiveVersion = 1;
	classes = {
	};
	objectVersion = 56;
	objects = {

/* Begin PBXBuildFile section */
		23F352B53F869ADBDA127A75 /* Pods_ErrorHandlingAPI_ErrorHandlingAPIUITests.framework in Frameworks */ = {isa = PBXBuildFile; fileRef = 31FD8EB1439B86EA71B66280 /* Pods_ErrorHandlingAPI_ErrorHandlingAPIUITests.framework */; };
		307CF1F8921E403F03B17D4A /* Pods_ErrorHandlingAPI.framework in Frameworks */ = {isa = PBXBuildFile; fileRef = 29A5C7323E6D6FAC41CA9456 /* Pods_ErrorHandlingAPI.framework */; };
		58335C4961D013827F31AB10 /* Pods_ErrorHandlingAPITests.framework in Frameworks */ = {isa = PBXBuildFile; fileRef = 25ABF10E772423D3B2F49C63 /* Pods_ErrorHandlingAPITests.framework */; };
		BD8027A72C1DF67600160199 /* AppDelegate.swift in Sources */ = {isa = PBXBuildFile; fileRef = BD8027A62C1DF67600160199 /* AppDelegate.swift */; };
		BD8027A92C1DF67600160199 /* SceneDelegate.swift in Sources */ = {isa = PBXBuildFile; fileRef = BD8027A82C1DF67600160199 /* SceneDelegate.swift */; };
		BD8027AB2C1DF67600160199 /* ViewController.swift in Sources */ = {isa = PBXBuildFile; fileRef = BD8027AA2C1DF67600160199 /* ViewController.swift */; };
		BD8027AE2C1DF67600160199 /* Base in Resources */ = {isa = PBXBuildFile; fileRef = BD8027AD2C1DF67600160199 /* Base */; };
		BD8027B02C1DF67800160199 /* Assets.xcassets in Resources */ = {isa = PBXBuildFile; fileRef = BD8027AF2C1DF67800160199 /* Assets.xcassets */; };
		BD8027B32C1DF67800160199 /* Base in Resources */ = {isa = PBXBuildFile; fileRef = BD8027B22C1DF67800160199 /* Base */; };
		BD8027BE2C1DF67800160199 /* ErrorHandlingAPITests.swift in Sources */ = {isa = PBXBuildFile; fileRef = BD8027BD2C1DF67800160199 /* ErrorHandlingAPITests.swift */; };
		BD8027C82C1DF67800160199 /* ErrorHandlingAPIUITests.swift in Sources */ = {isa = PBXBuildFile; fileRef = BD8027C72C1DF67800160199 /* ErrorHandlingAPIUITests.swift */; };
		BD8027CA2C1DF67800160199 /* ErrorHandlingAPIUITestsLaunchTests.swift in Sources */ = {isa = PBXBuildFile; fileRef = BD8027C92C1DF67800160199 /* ErrorHandlingAPIUITestsLaunchTests.swift */; };
		BD85B3EA2C1DFFA4003FC19C /* CommentsViewModel.swift in Sources */ = {isa = PBXBuildFile; fileRef = BD85B3E92C1DFFA4003FC19C /* CommentsViewModel.swift */; };
		BD85B3EC2C1DFFB4003FC19C /* Model.swift in Sources */ = {isa = PBXBuildFile; fileRef = BD85B3EB2C1DFFB4003FC19C /* Model.swift */; };
		BD85B3EE2C1E0034003FC19C /* ErrorHandling.swift in Sources */ = {isa = PBXBuildFile; fileRef = BD85B3ED2C1E0034003FC19C /* ErrorHandling.swift */; };
		BD85B3F72C1E0149003FC19C /* NetworkManager.swift in Sources */ = {isa = PBXBuildFile; fileRef = BD85B3F62C1E0149003FC19C /* NetworkManager.swift */; };
		BD85B3FA2C1E05DA003FC19C /* TableViewCell.swift in Sources */ = {isa = PBXBuildFile; fileRef = BD85B3F82C1E05DA003FC19C /* TableViewCell.swift */; };
/* End PBXBuildFile section */

/* Begin PBXContainerItemProxy section */
		BD8027BA2C1DF67800160199 /* PBXContainerItemProxy */ = {
			isa = PBXContainerItemProxy;
			containerPortal = BD80279B2C1DF67600160199 /* Project object */;
			proxyType = 1;
			remoteGlobalIDString = BD8027A22C1DF67600160199;
			remoteInfo = ErrorHandlingAPI;
		};
		BD8027C42C1DF67800160199 /* PBXContainerItemProxy */ = {
			isa = PBXContainerItemProxy;
			containerPortal = BD80279B2C1DF67600160199 /* Project object */;
			proxyType = 1;
			remoteGlobalIDString = BD8027A22C1DF67600160199;
			remoteInfo = ErrorHandlingAPI;
		};
/* End PBXContainerItemProxy section */

/* Begin PBXFileReference section */
		0FF5BA6DA5CC1ED269687909 /* Pods-ErrorHandlingAPITests.release.xcconfig */ = {isa = PBXFileReference; includeInIndex = 1; lastKnownFileType = text.xcconfig; name = "Pods-ErrorHandlingAPITests.release.xcconfig"; path = "Target Support Files/Pods-ErrorHandlingAPITests/Pods-ErrorHandlingAPITests.release.xcconfig"; sourceTree = "<group>"; };
		25ABF10E772423D3B2F49C63 /* Pods_ErrorHandlingAPITests.framework */ = {isa = PBXFileReference; explicitFileType = wrapper.framework; includeInIndex = 0; path = Pods_ErrorHandlingAPITests.framework; sourceTree = BUILT_PRODUCTS_DIR; };
		29A5C7323E6D6FAC41CA9456 /* Pods_ErrorHandlingAPI.framework */ = {isa = PBXFileReference; explicitFileType = wrapper.framework; includeInIndex = 0; path = Pods_ErrorHandlingAPI.framework; sourceTree = BUILT_PRODUCTS_DIR; };
		31FD8EB1439B86EA71B66280 /* Pods_ErrorHandlingAPI_ErrorHandlingAPIUITests.framework */ = {isa = PBXFileReference; explicitFileType = wrapper.framework; includeInIndex = 0; path = Pods_ErrorHandlingAPI_ErrorHandlingAPIUITests.framework; sourceTree = BUILT_PRODUCTS_DIR; };
		4E60D45E27F9C8DFAA6B3E87 /* Pods-ErrorHandlingAPI.debug.xcconfig */ = {isa = PBXFileReference; includeInIndex = 1; lastKnownFileType = text.xcconfig; name = "Pods-ErrorHandlingAPI.debug.xcconfig"; path = "Target Support Files/Pods-ErrorHandlingAPI/Pods-ErrorHandlingAPI.debug.xcconfig"; sourceTree = "<group>"; };
		7DB48646EA677C59825A7ACA /* Pods-ErrorHandlingAPI-ErrorHandlingAPIUITests.release.xcconfig */ = {isa = PBXFileReference; includeInIndex = 1; lastKnownFileType = text.xcconfig; name = "Pods-ErrorHandlingAPI-ErrorHandlingAPIUITests.release.xcconfig"; path = "Target Support Files/Pods-ErrorHandlingAPI-ErrorHandlingAPIUITests/Pods-ErrorHandlingAPI-ErrorHandlingAPIUITests.release.xcconfig"; sourceTree = "<group>"; };
		9D817F6BC2723E6FB82694F1 /* Pods-ErrorHandlingAPITests.debug.xcconfig */ = {isa = PBXFileReference; includeInIndex = 1; lastKnownFileType = text.xcconfig; name = "Pods-ErrorHandlingAPITests.debug.xcconfig"; path = "Target Support Files/Pods-ErrorHandlingAPITests/Pods-ErrorHandlingAPITests.debug.xcconfig"; sourceTree = "<group>"; };
		AF83E68A2073A50AC0CC1DF9 /* Pods-ErrorHandlingAPI-ErrorHandlingAPIUITests.debug.xcconfig */ = {isa = PBXFileReference; includeInIndex = 1; lastKnownFileType = text.xcconfig; name = "Pods-ErrorHandlingAPI-ErrorHandlingAPIUITests.debug.xcconfig"; path = "Target Support Files/Pods-ErrorHandlingAPI-ErrorHandlingAPIUITests/Pods-ErrorHandlingAPI-ErrorHandlingAPIUITests.debug.xcconfig"; sourceTree = "<group>"; };
		BD8027A32C1DF67600160199 /* ErrorHandlingAPI.app */ = {isa = PBXFileReference; explicitFileType = wrapper.application; includeInIndex = 0; path = ErrorHandlingAPI.app; sourceTree = BUILT_PRODUCTS_DIR; };
		BD8027A62C1DF67600160199 /* AppDelegate.swift */ = {isa = PBXFileReference; lastKnownFileType = sourcecode.swift; path = AppDelegate.swift; sourceTree = "<group>"; };
		BD8027A82C1DF67600160199 /* SceneDelegate.swift */ = {isa = PBXFileReference; lastKnownFileType = sourcecode.swift; path = SceneDelegate.swift; sourceTree = "<group>"; };
		BD8027AA2C1DF67600160199 /* ViewController.swift */ = {isa = PBXFileReference; lastKnownFileType = sourcecode.swift; path = ViewController.swift; sourceTree = "<group>"; };
		BD8027AD2C1DF67600160199 /* Base */ = {isa = PBXFileReference; lastKnownFileType = file.storyboard; name = Base; path = Base.lproj/Main.storyboard; sourceTree = "<group>"; };
		BD8027AF2C1DF67800160199 /* Assets.xcassets */ = {isa = PBXFileReference; lastKnownFileType = folder.assetcatalog; path = Assets.xcassets; sourceTree = "<group>"; };
		BD8027B22C1DF67800160199 /* Base */ = {isa = PBXFileReference; lastKnownFileType = file.storyboard; name = Base; path = Base.lproj/LaunchScreen.storyboard; sourceTree = "<group>"; };
		BD8027B42C1DF67800160199 /* Info.plist */ = {isa = PBXFileReference; lastKnownFileType = text.plist.xml; path = Info.plist; sourceTree = "<group>"; };
		BD8027B92C1DF67800160199 /* ErrorHandlingAPITests.xctest */ = {isa = PBXFileReference; explicitFileType = wrapper.cfbundle; includeInIndex = 0; path = ErrorHandlingAPITests.xctest; sourceTree = BUILT_PRODUCTS_DIR; };
		BD8027BD2C1DF67800160199 /* ErrorHandlingAPITests.swift */ = {isa = PBXFileReference; lastKnownFileType = sourcecode.swift; path = ErrorHandlingAPITests.swift; sourceTree = "<group>"; };
		BD8027C32C1DF67800160199 /* ErrorHandlingAPIUITests.xctest */ = {isa = PBXFileReference; explicitFileType = wrapper.cfbundle; includeInIndex = 0; path = ErrorHandlingAPIUITests.xctest; sourceTree = BUILT_PRODUCTS_DIR; };
		BD8027C72C1DF67800160199 /* ErrorHandlingAPIUITests.swift */ = {isa = PBXFileReference; lastKnownFileType = sourcecode.swift; path = ErrorHandlingAPIUITests.swift; sourceTree = "<group>"; };
		BD8027C92C1DF67800160199 /* ErrorHandlingAPIUITestsLaunchTests.swift */ = {isa = PBXFileReference; lastKnownFileType = sourcecode.swift; path = ErrorHandlingAPIUITestsLaunchTests.swift; sourceTree = "<group>"; };
		BD85B3E92C1DFFA4003FC19C /* CommentsViewModel.swift */ = {isa = PBXFileReference; lastKnownFileType = sourcecode.swift; path = CommentsViewModel.swift; sourceTree = "<group>"; };
		BD85B3EB2C1DFFB4003FC19C /* Model.swift */ = {isa = PBXFileReference; lastKnownFileType = sourcecode.swift; path = Model.swift; sourceTree = "<group>"; };
		BD85B3ED2C1E0034003FC19C /* ErrorHandling.swift */ = {isa = PBXFileReference; lastKnownFileType = sourcecode.swift; path = ErrorHandling.swift; sourceTree = "<group>"; };
		BD85B3F62C1E0149003FC19C /* NetworkManager.swift */ = {isa = PBXFileReference; lastKnownFileType = sourcecode.swift; path = NetworkManager.swift; sourceTree = "<group>"; };
		BD85B3F82C1E05DA003FC19C /* TableViewCell.swift */ = {isa = PBXFileReference; fileEncoding = 4; lastKnownFileType = sourcecode.swift; path = TableViewCell.swift; sourceTree = "<group>"; };
		DA65C2080D849CDFB16FFD37 /* Pods-ErrorHandlingAPI.release.xcconfig */ = {isa = PBXFileReference; includeInIndex = 1; lastKnownFileType = text.xcconfig; name = "Pods-ErrorHandlingAPI.release.xcconfig"; path = "Target Support Files/Pods-ErrorHandlingAPI/Pods-ErrorHandlingAPI.release.xcconfig"; sourceTree = "<group>"; };
/* End PBXFileReference section */

/* Begin PBXFrameworksBuildPhase section */
		BD8027A02C1DF67600160199 /* Frameworks */ = {
			isa = PBXFrameworksBuildPhase;
			buildActionMask = 2147483647;
			files = (
				307CF1F8921E403F03B17D4A /* Pods_ErrorHandlingAPI.framework in Frameworks */,
			);
			runOnlyForDeploymentPostprocessing = 0;
		};
		BD8027B62C1DF67800160199 /* Frameworks */ = {
			isa = PBXFrameworksBuildPhase;
			buildActionMask = 2147483647;
			files = (
				58335C4961D013827F31AB10 /* Pods_ErrorHandlingAPITests.framework in Frameworks */,
			);
			runOnlyForDeploymentPostprocessing = 0;
		};
		BD8027C02C1DF67800160199 /* Frameworks */ = {
			isa = PBXFrameworksBuildPhase;
			buildActionMask = 2147483647;
			files = (
				23F352B53F869ADBDA127A75 /* Pods_ErrorHandlingAPI_ErrorHandlingAPIUITests.framework in Frameworks */,
			);
			runOnlyForDeploymentPostprocessing = 0;
		};
/* End PBXFrameworksBuildPhase section */

/* Begin PBXGroup section */
		4E0E5BE3A51E744B9970EA06 /* Frameworks */ = {
			isa = PBXGroup;
			children = (
				29A5C7323E6D6FAC41CA9456 /* Pods_ErrorHandlingAPI.framework */,
				31FD8EB1439B86EA71B66280 /* Pods_ErrorHandlingAPI_ErrorHandlingAPIUITests.framework */,
				25ABF10E772423D3B2F49C63 /* Pods_ErrorHandlingAPITests.framework */,
			);
			name = Frameworks;
			sourceTree = "<group>";
		};
		BD80279A2C1DF67600160199 = {
			isa = PBXGroup;
			children = (
				BD8027A52C1DF67600160199 /* ErrorHandlingAPI */,
				BD8027BC2C1DF67800160199 /* ErrorHandlingAPITests */,
				BD8027C62C1DF67800160199 /* ErrorHandlingAPIUITests */,
				BD8027A42C1DF67600160199 /* Products */,
				FD14BBF2B895643E8E198B44 /* Pods */,
				4E0E5BE3A51E744B9970EA06 /* Frameworks */,
			);
			sourceTree = "<group>";
		};
		BD8027A42C1DF67600160199 /* Products */ = {
			isa = PBXGroup;
			children = (
				BD8027A32C1DF67600160199 /* ErrorHandlingAPI.app */,
				BD8027B92C1DF67800160199 /* ErrorHandlingAPITests.xctest */,
				BD8027C32C1DF67800160199 /* ErrorHandlingAPIUITests.xctest */,
			);
			name = Products;
			sourceTree = "<group>";
		};
		BD8027A52C1DF67600160199 /* ErrorHandlingAPI */ = {
			isa = PBXGroup;
			children = (
				BD85B3EF2C1E003A003FC19C /* Delegate */,
				BD85B3F12C1E0052003FC19C /* Error Handling */,
				BD85B3F52C1E0128003FC19C /* APIHalper */,
				BD85B3F02C1E0049003FC19C /* Model */,
				BD85B3F42C1E0088003FC19C /* View */,
				BD85B3F22C1E005F003FC19C /* ViewModel */,
				BD85B3F32C1E0069003FC19C /* Controller */,
				BD8027AF2C1DF67800160199 /* Assets.xcassets */,
				BD8027B42C1DF67800160199 /* Info.plist */,
			);
			path = ErrorHandlingAPI;
			sourceTree = "<group>";
		};
		BD8027BC2C1DF67800160199 /* ErrorHandlingAPITests */ = {
			isa = PBXGroup;
			children = (
				BD8027BD2C1DF67800160199 /* ErrorHandlingAPITests.swift */,
			);
			path = ErrorHandlingAPITests;
			sourceTree = "<group>";
		};
		BD8027C62C1DF67800160199 /* ErrorHandlingAPIUITests */ = {
			isa = PBXGroup;
			children = (
				BD8027C72C1DF67800160199 /* ErrorHandlingAPIUITests.swift */,
				BD8027C92C1DF67800160199 /* ErrorHandlingAPIUITestsLaunchTests.swift */,
			);
			path = ErrorHandlingAPIUITests;
			sourceTree = "<group>";
		};
		BD85B3EF2C1E003A003FC19C /* Delegate */ = {
			isa = PBXGroup;
			children = (
				BD8027A62C1DF67600160199 /* AppDelegate.swift */,
				BD8027A82C1DF67600160199 /* SceneDelegate.swift */,
			);
			path = Delegate;
			sourceTree = "<group>";
		};
		BD85B3F02C1E0049003FC19C /* Model */ = {
			isa = PBXGroup;
			children = (
				BD85B3EB2C1DFFB4003FC19C /* Model.swift */,
			);
			path = Model;
			sourceTree = "<group>";
		};
		BD85B3F12C1E0052003FC19C /* Error Handling */ = {
			isa = PBXGroup;
			children = (
				BD85B3ED2C1E0034003FC19C /* ErrorHandling.swift */,
			);
			path = "Error Handling";
			sourceTree = "<group>";
		};
		BD85B3F22C1E005F003FC19C /* ViewModel */ = {
			isa = PBXGroup;
			children = (
				BD85B3E92C1DFFA4003FC19C /* CommentsViewModel.swift */,
			);
			path = ViewModel;
			sourceTree = "<group>";
		};
		BD85B3F32C1E0069003FC19C /* Controller */ = {
			isa = PBXGroup;
			children = (
				BD8027AA2C1DF67600160199 /* ViewController.swift */,
			);
			path = Controller;
			sourceTree = "<group>";
		};
		BD85B3F42C1E0088003FC19C /* View */ = {
			isa = PBXGroup;
			children = (
				BD85B3F92C1E05DA003FC19C /* Cell */,
				BD8027AC2C1DF67600160199 /* Main.storyboard */,
				BD8027B12C1DF67800160199 /* LaunchScreen.storyboard */,
			);
			path = View;
			sourceTree = "<group>";
		};
		BD85B3F52C1E0128003FC19C /* APIHalper */ = {
			isa = PBXGroup;
			children = (
				BD85B3F62C1E0149003FC19C /* NetworkManager.swift */,
			);
			path = APIHalper;
			sourceTree = "<group>";
		};
		BD85B3F92C1E05DA003FC19C /* Cell */ = {
			isa = PBXGroup;
			children = (
				BD85B3F82C1E05DA003FC19C /* TableViewCell.swift */,
			);
			path = Cell;
			sourceTree = "<group>";
		};
		FD14BBF2B895643E8E198B44 /* Pods */ = {
			isa = PBXGroup;
			children = (
				4E60D45E27F9C8DFAA6B3E87 /* Pods-ErrorHandlingAPI.debug.xcconfig */,
				DA65C2080D849CDFB16FFD37 /* Pods-ErrorHandlingAPI.release.xcconfig */,
				AF83E68A2073A50AC0CC1DF9 /* Pods-ErrorHandlingAPI-ErrorHandlingAPIUITests.debug.xcconfig */,
				7DB48646EA677C59825A7ACA /* Pods-ErrorHandlingAPI-ErrorHandlingAPIUITests.release.xcconfig */,
				9D817F6BC2723E6FB82694F1 /* Pods-ErrorHandlingAPITests.debug.xcconfig */,
				0FF5BA6DA5CC1ED269687909 /* Pods-ErrorHandlingAPITests.release.xcconfig */,
			);
			path = Pods;
			sourceTree = "<group>";
		};
/* End PBXGroup section */

/* Begin PBXNativeTarget section */
		BD8027A22C1DF67600160199 /* ErrorHandlingAPI */ = {
			isa = PBXNativeTarget;
			buildConfigurationList = BD8027CD2C1DF67800160199 /* Build configuration list for PBXNativeTarget "ErrorHandlingAPI" */;
			buildPhases = (
				6F345A7B022C5967DCBD2587 /* [CP] Check Pods Manifest.lock */,
				BD80279F2C1DF67600160199 /* Sources */,
				BD8027A02C1DF67600160199 /* Frameworks */,
				BD8027A12C1DF67600160199 /* Resources */,
				26F2D3D7C9910E97E1D186A0 /* [CP] Embed Pods Frameworks */,
			);
			buildRules = (
			);
			dependencies = (
			);
			name = ErrorHandlingAPI;
			productName = ErrorHandlingAPI;
			productReference = BD8027A32C1DF67600160199 /* ErrorHandlingAPI.app */;
			productType = "com.apple.product-type.application";
		};
		BD8027B82C1DF67800160199 /* ErrorHandlingAPITests */ = {
			isa = PBXNativeTarget;
			buildConfigurationList = BD8027D02C1DF67800160199 /* Build configuration list for PBXNativeTarget "ErrorHandlingAPITests" */;
			buildPhases = (
				5507781CA7331EDD3C35C5AC /* [CP] Check Pods Manifest.lock */,
				BD8027B52C1DF67800160199 /* Sources */,
				BD8027B62C1DF67800160199 /* Frameworks */,
				BD8027B72C1DF67800160199 /* Resources */,
			);
			buildRules = (
			);
			dependencies = (
				BD8027BB2C1DF67800160199 /* PBXTargetDependency */,
			);
			name = ErrorHandlingAPITests;
			productName = ErrorHandlingAPITests;
			productReference = BD8027B92C1DF67800160199 /* ErrorHandlingAPITests.xctest */;
			productType = "com.apple.product-type.bundle.unit-test";
		};
		BD8027C22C1DF67800160199 /* ErrorHandlingAPIUITests */ = {
			isa = PBXNativeTarget;
			buildConfigurationList = BD8027D32C1DF67800160199 /* Build configuration list for PBXNativeTarget "ErrorHandlingAPIUITests" */;
			buildPhases = (
				2CCCB107C9EE53756748EBCD /* [CP] Check Pods Manifest.lock */,
				BD8027BF2C1DF67800160199 /* Sources */,
				BD8027C02C1DF67800160199 /* Frameworks */,
				BD8027C12C1DF67800160199 /* Resources */,
				697F22045EC3019F79E728ED /* [CP] Embed Pods Frameworks */,
			);
			buildRules = (
			);
			dependencies = (
				BD8027C52C1DF67800160199 /* PBXTargetDependency */,
			);
			name = ErrorHandlingAPIUITests;
			productName = ErrorHandlingAPIUITests;
			productReference = BD8027C32C1DF67800160199 /* ErrorHandlingAPIUITests.xctest */;
			productType = "com.apple.product-type.bundle.ui-testing";
		};
/* End PBXNativeTarget section */

/* Begin PBXProject section */
		BD80279B2C1DF67600160199 /* Project object */ = {
			isa = PBXProject;
			attributes = {
				BuildIndependentTargetsInParallel = 1;
				LastSwiftUpdateCheck = 1530;
				LastUpgradeCheck = 1530;
				TargetAttributes = {
					BD8027A22C1DF67600160199 = {
						CreatedOnToolsVersion = 15.3;
					};
					BD8027B82C1DF67800160199 = {
						CreatedOnToolsVersion = 15.3;
						TestTargetID = BD8027A22C1DF67600160199;
					};
					BD8027C22C1DF67800160199 = {
						CreatedOnToolsVersion = 15.3;
						TestTargetID = BD8027A22C1DF67600160199;
					};
				};
			};
			buildConfigurationList = BD80279E2C1DF67600160199 /* Build configuration list for PBXProject "ErrorHandlingAPI" */;
			compatibilityVersion = "Xcode 14.0";
			developmentRegion = en;
			hasScannedForEncodings = 0;
			knownRegions = (
				en,
				Base,
			);
			mainGroup = BD80279A2C1DF67600160199;
			productRefGroup = BD8027A42C1DF67600160199 /* Products */;
			projectDirPath = "";
			projectRoot = "";
			targets = (
				BD8027A22C1DF67600160199 /* ErrorHandlingAPI */,
				BD8027B82C1DF67800160199 /* ErrorHandlingAPITests */,
				BD8027C22C1DF67800160199 /* ErrorHandlingAPIUITests */,
			);
		};
/* End PBXProject section */

/* Begin PBXResourcesBuildPhase section */
		BD8027A12C1DF67600160199 /* Resources */ = {
			isa = PBXResourcesBuildPhase;
			buildActionMask = 2147483647;
			files = (
				BD8027B02C1DF67800160199 /* Assets.xcassets in Resources */,
				BD8027B32C1DF67800160199 /* Base in Resources */,
				BD8027AE2C1DF67600160199 /* Base in Resources */,
			);
			runOnlyForDeploymentPostprocessing = 0;
		};
		BD8027B72C1DF67800160199 /* Resources */ = {
			isa = PBXResourcesBuildPhase;
			buildActionMask = 2147483647;
			files = (
			);
			runOnlyForDeploymentPostprocessing = 0;
		};
		BD8027C12C1DF67800160199 /* Resources */ = {
			isa = PBXResourcesBuildPhase;
			buildActionMask = 2147483647;
			files = (
			);
			runOnlyForDeploymentPostprocessing = 0;
		};
/* End PBXResourcesBuildPhase section */

/* Begin PBXShellScriptBuildPhase section */
		26F2D3D7C9910E97E1D186A0 /* [CP] Embed Pods Frameworks */ = {
			isa = PBXShellScriptBuildPhase;
			buildActionMask = 2147483647;
			files = (
			);
			inputFileListPaths = (
				"${PODS_ROOT}/Target Support Files/Pods-ErrorHandlingAPI/Pods-ErrorHandlingAPI-frameworks-${CONFIGURATION}-input-files.xcfilelist",
			);
			name = "[CP] Embed Pods Frameworks";
			outputFileListPaths = (
				"${PODS_ROOT}/Target Support Files/Pods-ErrorHandlingAPI/Pods-ErrorHandlingAPI-frameworks-${CONFIGURATION}-output-files.xcfilelist",
			);
			runOnlyForDeploymentPostprocessing = 0;
			shellPath = /bin/sh;
			shellScript = "\"${PODS_ROOT}/Target Support Files/Pods-ErrorHandlingAPI/Pods-ErrorHandlingAPI-frameworks.sh\"\n";
			showEnvVarsInLog = 0;
		};
		2CCCB107C9EE53756748EBCD /* [CP] Check Pods Manifest.lock */ = {
			isa = PBXShellScriptBuildPhase;
			buildActionMask = 2147483647;
			files = (
			);
			inputFileListPaths = (
			);
			inputPaths = (
				"${PODS_PODFILE_DIR_PATH}/Podfile.lock",
				"${PODS_ROOT}/Manifest.lock",
			);
			name = "[CP] Check Pods Manifest.lock";
			outputFileListPaths = (
			);
			outputPaths = (
				"$(DERIVED_FILE_DIR)/Pods-ErrorHandlingAPI-ErrorHandlingAPIUITests-checkManifestLockResult.txt",
			);
			runOnlyForDeploymentPostprocessing = 0;
			shellPath = /bin/sh;
			shellScript = "diff \"${PODS_PODFILE_DIR_PATH}/Podfile.lock\" \"${PODS_ROOT}/Manifest.lock\" > /dev/null\nif [ $? != 0 ] ; then\n    # print error to STDERR\n    echo \"error: The sandbox is not in sync with the Podfile.lock. Run 'pod install' or update your CocoaPods installation.\" >&2\n    exit 1\nfi\n# This output is used by Xcode 'outputs' to avoid re-running this script phase.\necho \"SUCCESS\" > \"${SCRIPT_OUTPUT_FILE_0}\"\n";
			showEnvVarsInLog = 0;
		};
		5507781CA7331EDD3C35C5AC /* [CP] Check Pods Manifest.lock */ = {
			isa = PBXShellScriptBuildPhase;
			buildActionMask = 2147483647;
			files = (
			);
			inputFileListPaths = (
			);
			inputPaths = (
				"${PODS_PODFILE_DIR_PATH}/Podfile.lock",
				"${PODS_ROOT}/Manifest.lock",
			);
			name = "[CP] Check Pods Manifest.lock";
			outputFileListPaths = (
			);
			outputPaths = (
				"$(DERIVED_FILE_DIR)/Pods-ErrorHandlingAPITests-checkManifestLockResult.txt",
			);
			runOnlyForDeploymentPostprocessing = 0;
			shellPath = /bin/sh;
			shellScript = "diff \"${PODS_PODFILE_DIR_PATH}/Podfile.lock\" \"${PODS_ROOT}/Manifest.lock\" > /dev/null\nif [ $? != 0 ] ; then\n    # print error to STDERR\n    echo \"error: The sandbox is not in sync with the Podfile.lock. Run 'pod install' or update your CocoaPods installation.\" >&2\n    exit 1\nfi\n# This output is used by Xcode 'outputs' to avoid re-running this script phase.\necho \"SUCCESS\" > \"${SCRIPT_OUTPUT_FILE_0}\"\n";
			showEnvVarsInLog = 0;
		};
		697F22045EC3019F79E728ED /* [CP] Embed Pods Frameworks */ = {
			isa = PBXShellScriptBuildPhase;
			buildActionMask = 2147483647;
			files = (
			);
			inputFileListPaths = (
				"${PODS_ROOT}/Target Support Files/Pods-ErrorHandlingAPI-ErrorHandlingAPIUITests/Pods-ErrorHandlingAPI-ErrorHandlingAPIUITests-frameworks-${CONFIGURATION}-input-files.xcfilelist",
			);
			name = "[CP] Embed Pods Frameworks";
			outputFileListPaths = (
				"${PODS_ROOT}/Target Support Files/Pods-ErrorHandlingAPI-ErrorHandlingAPIUITests/Pods-ErrorHandlingAPI-ErrorHandlingAPIUITests-frameworks-${CONFIGURATION}-output-files.xcfilelist",
			);
			runOnlyForDeploymentPostprocessing = 0;
			shellPath = /bin/sh;
			shellScript = "\"${PODS_ROOT}/Target Support Files/Pods-ErrorHandlingAPI-ErrorHandlingAPIUITests/Pods-ErrorHandlingAPI-ErrorHandlingAPIUITests-frameworks.sh\"\n";
			showEnvVarsInLog = 0;
		};
		6F345A7B022C5967DCBD2587 /* [CP] Check Pods Manifest.lock */ = {
			isa = PBXShellScriptBuildPhase;
			buildActionMask = 2147483647;
			files = (
			);
			inputFileListPaths = (
			);
			inputPaths = (
				"${PODS_PODFILE_DIR_PATH}/Podfile.lock",
				"${PODS_ROOT}/Manifest.lock",
			);
			name = "[CP] Check Pods Manifest.lock";
			outputFileListPaths = (
			);
			outputPaths = (
				"$(DERIVED_FILE_DIR)/Pods-ErrorHandlingAPI-checkManifestLockResult.txt",
			);
			runOnlyForDeploymentPostprocessing = 0;
			shellPath = /bin/sh;
			shellScript = "diff \"${PODS_PODFILE_DIR_PATH}/Podfile.lock\" \"${PODS_ROOT}/Manifest.lock\" > /dev/null\nif [ $? != 0 ] ; then\n    # print error to STDERR\n    echo \"error: The sandbox is not in sync with the Podfile.lock. Run 'pod install' or update your CocoaPods installation.\" >&2\n    exit 1\nfi\n# This output is used by Xcode 'outputs' to avoid re-running this script phase.\necho \"SUCCESS\" > \"${SCRIPT_OUTPUT_FILE_0}\"\n";
			showEnvVarsInLog = 0;
		};
/* End PBXShellScriptBuildPhase section */

/* Begin PBXSourcesBuildPhase section */
		BD80279F2C1DF67600160199 /* Sources */ = {
			isa = PBXSourcesBuildPhase;
			buildActionMask = 2147483647;
			files = (
				BD85B3EC2C1DFFB4003FC19C /* Model.swift in Sources */,
				BD85B3FA2C1E05DA003FC19C /* TableViewCell.swift in Sources */,
				BD85B3EA2C1DFFA4003FC19C /* CommentsViewModel.swift in Sources */,
				BD8027AB2C1DF67600160199 /* ViewController.swift in Sources */,
				BD85B3F72C1E0149003FC19C /* NetworkManager.swift in Sources */,
				BD85B3EE2C1E0034003FC19C /* ErrorHandling.swift in Sources */,
				BD8027A72C1DF67600160199 /* AppDelegate.swift in Sources */,
				BD8027A92C1DF67600160199 /* SceneDelegate.swift in Sources */,
			);
			runOnlyForDeploymentPostprocessing = 0;
		};
		BD8027B52C1DF67800160199 /* Sources */ = {
			isa = PBXSourcesBuildPhase;
			buildActionMask = 2147483647;
			files = (
				BD8027BE2C1DF67800160199 /* ErrorHandlingAPITests.swift in Sources */,
			);
			runOnlyForDeploymentPostprocessing = 0;
		};
		BD8027BF2C1DF67800160199 /* Sources */ = {
			isa = PBXSourcesBuildPhase;
			buildActionMask = 2147483647;
			files = (
				BD8027C82C1DF67800160199 /* ErrorHandlingAPIUITests.swift in Sources */,
				BD8027CA2C1DF67800160199 /* ErrorHandlingAPIUITestsLaunchTests.swift in Sources */,
			);
			runOnlyForDeploymentPostprocessing = 0;
		};
/* End PBXSourcesBuildPhase section */

/* Begin PBXTargetDependency section */
		BD8027BB2C1DF67800160199 /* PBXTargetDependency */ = {
			isa = PBXTargetDependency;
			target = BD8027A22C1DF67600160199 /* ErrorHandlingAPI */;
			targetProxy = BD8027BA2C1DF67800160199 /* PBXContainerItemProxy */;
		};
		BD8027C52C1DF67800160199 /* PBXTargetDependency */ = {
			isa = PBXTargetDependency;
			target = BD8027A22C1DF67600160199 /* ErrorHandlingAPI */;
			targetProxy = BD8027C42C1DF67800160199 /* PBXContainerItemProxy */;
		};
/* End PBXTargetDependency section */

/* Begin PBXVariantGroup section */
		BD8027AC2C1DF67600160199 /* Main.storyboard */ = {
			isa = PBXVariantGroup;
			children = (
				BD8027AD2C1DF67600160199 /* Base */,
			);
			name = Main.storyboard;
			sourceTree = "<group>";
		};
		BD8027B12C1DF67800160199 /* LaunchScreen.storyboard */ = {
			isa = PBXVariantGroup;
			children = (
				BD8027B22C1DF67800160199 /* Base */,
			);
			name = LaunchScreen.storyboard;
			sourceTree = "<group>";
		};
/* End PBXVariantGroup section */

/* Begin XCBuildConfiguration section */
		BD8027CB2C1DF67800160199 /* Debug */ = {
			isa = XCBuildConfiguration;
			buildSettings = {
				ALWAYS_SEARCH_USER_PATHS = NO;
				ASSETCATALOG_COMPILER_GENERATE_SWIFT_ASSET_SYMBOL_EXTENSIONS = YES;
				CLANG_ANALYZER_NONNULL = YES;
				CLANG_ANALYZER_NUMBER_OBJECT_CONVERSION = YES_AGGRESSIVE;
				CLANG_CXX_LANGUAGE_STANDARD = "gnu++20";
				CLANG_ENABLE_MODULES = YES;
				CLANG_ENABLE_OBJC_ARC = YES;
				CLANG_ENABLE_OBJC_WEAK = YES;
				CLANG_WARN_BLOCK_CAPTURE_AUTORELEASING = YES;
				CLANG_WARN_BOOL_CONVERSION = YES;
				CLANG_WARN_COMMA = YES;
				CLANG_WARN_CONSTANT_CONVERSION = YES;
				CLANG_WARN_DEPRECATED_OBJC_IMPLEMENTATIONS = YES;
				CLANG_WARN_DIRECT_OBJC_ISA_USAGE = YES_ERROR;
				CLANG_WARN_DOCUMENTATION_COMMENTS = YES;
				CLANG_WARN_EMPTY_BODY = YES;
				CLANG_WARN_ENUM_CONVERSION = YES;
				CLANG_WARN_INFINITE_RECURSION = YES;
				CLANG_WARN_INT_CONVERSION = YES;
				CLANG_WARN_NON_LITERAL_NULL_CONVERSION = YES;
				CLANG_WARN_OBJC_IMPLICIT_RETAIN_SELF = YES;
				CLANG_WARN_OBJC_LITERAL_CONVERSION = YES;
				CLANG_WARN_OBJC_ROOT_CLASS = YES_ERROR;
				CLANG_WARN_QUOTED_INCLUDE_IN_FRAMEWORK_HEADER = YES;
				CLANG_WARN_RANGE_LOOP_ANALYSIS = YES;
				CLANG_WARN_STRICT_PROTOTYPES = YES;
				CLANG_WARN_SUSPICIOUS_MOVE = YES;
				CLANG_WARN_UNGUARDED_AVAILABILITY = YES_AGGRESSIVE;
				CLANG_WARN_UNREACHABLE_CODE = YES;
				CLANG_WARN__DUPLICATE_METHOD_MATCH = YES;
				COPY_PHASE_STRIP = NO;
				DEBUG_INFORMATION_FORMAT = dwarf;
				ENABLE_STRICT_OBJC_MSGSEND = YES;
				ENABLE_TESTABILITY = YES;
				ENABLE_USER_SCRIPT_SANDBOXING = YES;
				GCC_C_LANGUAGE_STANDARD = gnu17;
				GCC_DYNAMIC_NO_PIC = NO;
				GCC_NO_COMMON_BLOCKS = YES;
				GCC_OPTIMIZATION_LEVEL = 0;
				GCC_PREPROCESSOR_DEFINITIONS = (
					"DEBUG=1",
					"$(inherited)",
				);
				GCC_WARN_64_TO_32_BIT_CONVERSION = YES;
				GCC_WARN_ABOUT_RETURN_TYPE = YES_ERROR;
				GCC_WARN_UNDECLARED_SELECTOR = YES;
				GCC_WARN_UNINITIALIZED_AUTOS = YES_AGGRESSIVE;
				GCC_WARN_UNUSED_FUNCTION = YES;
				GCC_WARN_UNUSED_VARIABLE = YES;
				IPHONEOS_DEPLOYMENT_TARGET = 17.4;
				LOCALIZATION_PREFERS_STRING_CATALOGS = YES;
				MTL_ENABLE_DEBUG_INFO = INCLUDE_SOURCE;
				MTL_FAST_MATH = YES;
				ONLY_ACTIVE_ARCH = YES;
				SDKROOT = iphoneos;
				SWIFT_ACTIVE_COMPILATION_CONDITIONS = "DEBUG $(inherited)";
				SWIFT_OPTIMIZATION_LEVEL = "-Onone";
			};
			name = Debug;
		};
		BD8027CC2C1DF67800160199 /* Release */ = {
			isa = XCBuildConfiguration;
			buildSettings = {
				ALWAYS_SEARCH_USER_PATHS = NO;
				ASSETCATALOG_COMPILER_GENERATE_SWIFT_ASSET_SYMBOL_EXTENSIONS = YES;
				CLANG_ANALYZER_NONNULL = YES;
				CLANG_ANALYZER_NUMBER_OBJECT_CONVERSION = YES_AGGRESSIVE;
				CLANG_CXX_LANGUAGE_STANDARD = "gnu++20";
				CLANG_ENABLE_MODULES = YES;
				CLANG_ENABLE_OBJC_ARC = YES;
				CLANG_ENABLE_OBJC_WEAK = YES;
				CLANG_WARN_BLOCK_CAPTURE_AUTORELEASING = YES;
				CLANG_WARN_BOOL_CONVERSION = YES;
				CLANG_WARN_COMMA = YES;
				CLANG_WARN_CONSTANT_CONVERSION = YES;
				CLANG_WARN_DEPRECATED_OBJC_IMPLEMENTATIONS = YES;
				CLANG_WARN_DIRECT_OBJC_ISA_USAGE = YES_ERROR;
				CLANG_WARN_DOCUMENTATION_COMMENTS = YES;
				CLANG_WARN_EMPTY_BODY = YES;
				CLANG_WARN_ENUM_CONVERSION = YES;
				CLANG_WARN_INFINITE_RECURSION = YES;
				CLANG_WARN_INT_CONVERSION = YES;
				CLANG_WARN_NON_LITERAL_NULL_CONVERSION = YES;
				CLANG_WARN_OBJC_IMPLICIT_RETAIN_SELF = YES;
				CLANG_WARN_OBJC_LITERAL_CONVERSION = YES;
				CLANG_WARN_OBJC_ROOT_CLASS = YES_ERROR;
				CLANG_WARN_QUOTED_INCLUDE_IN_FRAMEWORK_HEADER = YES;
				CLANG_WARN_RANGE_LOOP_ANALYSIS = YES;
				CLANG_WARN_STRICT_PROTOTYPES = YES;
				CLANG_WARN_SUSPICIOUS_MOVE = YES;
				CLANG_WARN_UNGUARDED_AVAILABILITY = YES_AGGRESSIVE;
				CLANG_WARN_UNREACHABLE_CODE = YES;
				CLANG_WARN__DUPLICATE_METHOD_MATCH = YES;
				COPY_PHASE_STRIP = NO;
				DEBUG_INFORMATION_FORMAT = "dwarf-with-dsym";
				ENABLE_NS_ASSERTIONS = NO;
				ENABLE_STRICT_OBJC_MSGSEND = YES;
				ENABLE_USER_SCRIPT_SANDBOXING = YES;
				GCC_C_LANGUAGE_STANDARD = gnu17;
				GCC_NO_COMMON_BLOCKS = YES;
				GCC_WARN_64_TO_32_BIT_CONVERSION = YES;
				GCC_WARN_ABOUT_RETURN_TYPE = YES_ERROR;
				GCC_WARN_UNDECLARED_SELECTOR = YES;
				GCC_WARN_UNINITIALIZED_AUTOS = YES_AGGRESSIVE;
				GCC_WARN_UNUSED_FUNCTION = YES;
				GCC_WARN_UNUSED_VARIABLE = YES;
				IPHONEOS_DEPLOYMENT_TARGET = 17.4;
				LOCALIZATION_PREFERS_STRING_CATALOGS = YES;
				MTL_ENABLE_DEBUG_INFO = NO;
				MTL_FAST_MATH = YES;
				SDKROOT = iphoneos;
				SWIFT_COMPILATION_MODE = wholemodule;
				VALIDATE_PRODUCT = YES;
			};
			name = Release;
		};
		BD8027CE2C1DF67800160199 /* Debug */ = {
			isa = XCBuildConfiguration;
			baseConfigurationReference = 4E60D45E27F9C8DFAA6B3E87 /* Pods-ErrorHandlingAPI.debug.xcconfig */;
			buildSettings = {
				ASSETCATALOG_COMPILER_APPICON_NAME = AppIcon;
				ASSETCATALOG_COMPILER_GLOBAL_ACCENT_COLOR_NAME = AccentColor;
				CODE_SIGN_STYLE = Automatic;
				CURRENT_PROJECT_VERSION = 1;
				ENABLE_USER_SCRIPT_SANDBOXING = NO;
				GENERATE_INFOPLIST_FILE = YES;
				INFOPLIST_FILE = ErrorHandlingAPI/Info.plist;
				INFOPLIST_KEY_UIApplicationSupportsIndirectInputEvents = YES;
				INFOPLIST_KEY_UILaunchStoryboardName = LaunchScreen;
				INFOPLIST_KEY_UIMainStoryboardFile = Main;
				INFOPLIST_KEY_UISupportedInterfaceOrientations_iPad = "UIInterfaceOrientationPortrait UIInterfaceOrientationPortraitUpsideDown UIInterfaceOrientationLandscapeLeft UIInterfaceOrientationLandscapeRight";
				INFOPLIST_KEY_UISupportedInterfaceOrientations_iPhone = "UIInterfaceOrientationPortrait UIInterfaceOrientationLandscapeLeft UIInterfaceOrientationLandscapeRight";
				LD_RUNPATH_SEARCH_PATHS = (
					"$(inherited)",
					"@executable_path/Frameworks",
				);
				MARKETING_VERSION = 1.0;
				PRODUCT_BUNDLE_IDENTIFIER = com.plexustechnology.ErrorHandlingAPI;
				PRODUCT_NAME = "$(TARGET_NAME)";
				SWIFT_EMIT_LOC_STRINGS = YES;
				SWIFT_VERSION = 5.0;
				TARGETED_DEVICE_FAMILY = "1,2";
			};
			name = Debug;
		};
		BD8027CF2C1DF67800160199 /* Release */ = {
			isa = XCBuildConfiguration;
			baseConfigurationReference = DA65C2080D849CDFB16FFD37 /* Pods-ErrorHandlingAPI.release.xcconfig */;
			buildSettings = {
				ASSETCATALOG_COMPILER_APPICON_NAME = AppIcon;
				ASSETCATALOG_COMPILER_GLOBAL_ACCENT_COLOR_NAME = AccentColor;
				CODE_SIGN_STYLE = Automatic;
				CURRENT_PROJECT_VERSION = 1;
				ENABLE_USER_SCRIPT_SANDBOXING = NO;
				GENERATE_INFOPLIST_FILE = YES;
				INFOPLIST_FILE = ErrorHandlingAPI/Info.plist;
				INFOPLIST_KEY_UIApplicationSupportsIndirectInputEvents = YES;
				INFOPLIST_KEY_UILaunchStoryboardName = LaunchScreen;
				INFOPLIST_KEY_UIMainStoryboardFile = Main;
				INFOPLIST_KEY_UISupportedInterfaceOrientations_iPad = "UIInterfaceOrientationPortrait UIInterfaceOrientationPortraitUpsideDown UIInterfaceOrientationLandscapeLeft UIInterfaceOrientationLandscapeRight";
				INFOPLIST_KEY_UISupportedInterfaceOrientations_iPhone = "UIInterfaceOrientationPortrait UIInterfaceOrientationLandscapeLeft UIInterfaceOrientationLandscapeRight";
				LD_RUNPATH_SEARCH_PATHS = (
					"$(inherited)",
					"@executable_path/Frameworks",
				);
				MARKETING_VERSION = 1.0;
				PRODUCT_BUNDLE_IDENTIFIER = com.plexustechnology.ErrorHandlingAPI;
				PRODUCT_NAME = "$(TARGET_NAME)";
				SWIFT_EMIT_LOC_STRINGS = YES;
				SWIFT_VERSION = 5.0;
				TARGETED_DEVICE_FAMILY = "1,2";
			};
			name = Release;
		};
		BD8027D12C1DF67800160199 /* Debug */ = {
			isa = XCBuildConfiguration;
			baseConfigurationReference = 9D817F6BC2723E6FB82694F1 /* Pods-ErrorHandlingAPITests.debug.xcconfig */;
			buildSettings = {
				ALWAYS_EMBED_SWIFT_STANDARD_LIBRARIES = YES;
				BUNDLE_LOADER = "$(TEST_HOST)";
				CODE_SIGN_STYLE = Automatic;
				CURRENT_PROJECT_VERSION = 1;
				GENERATE_INFOPLIST_FILE = YES;
				IPHONEOS_DEPLOYMENT_TARGET = 17.4;
				MARKETING_VERSION = 1.0;
				PRODUCT_BUNDLE_IDENTIFIER = com.plexustechnology.ErrorHandlingAPITests;
				PRODUCT_NAME = "$(TARGET_NAME)";
				SWIFT_EMIT_LOC_STRINGS = NO;
				SWIFT_VERSION = 5.0;
				TARGETED_DEVICE_FAMILY = "1,2";
				TEST_HOST = "$(BUILT_PRODUCTS_DIR)/ErrorHandlingAPI.app/$(BUNDLE_EXECUTABLE_FOLDER_PATH)/ErrorHandlingAPI";
			};
			name = Debug;
		};
		BD8027D22C1DF67800160199 /* Release */ = {
			isa = XCBuildConfiguration;
			baseConfigurationReference = 0FF5BA6DA5CC1ED269687909 /* Pods-ErrorHandlingAPITests.release.xcconfig */;
			buildSettings = {
				ALWAYS_EMBED_SWIFT_STANDARD_LIBRARIES = YES;
				BUNDLE_LOADER = "$(TEST_HOST)";
				CODE_SIGN_STYLE = Automatic;
				CURRENT_PROJECT_VERSION = 1;
				GENERATE_INFOPLIST_FILE = YES;
				IPHONEOS_DEPLOYMENT_TARGET = 17.4;
				MARKETING_VERSION = 1.0;
				PRODUCT_BUNDLE_IDENTIFIER = com.plexustechnology.ErrorHandlingAPITests;
				PRODUCT_NAME = "$(TARGET_NAME)";
				SWIFT_EMIT_LOC_STRINGS = NO;
				SWIFT_VERSION = 5.0;
				TARGETED_DEVICE_FAMILY = "1,2";
				TEST_HOST = "$(BUILT_PRODUCTS_DIR)/ErrorHandlingAPI.app/$(BUNDLE_EXECUTABLE_FOLDER_PATH)/ErrorHandlingAPI";
			};
			name = Release;
		};
		BD8027D42C1DF67800160199 /* Debug */ = {
			isa = XCBuildConfiguration;
			baseConfigurationReference = AF83E68A2073A50AC0CC1DF9 /* Pods-ErrorHandlingAPI-ErrorHandlingAPIUITests.debug.xcconfig */;
			buildSettings = {
				ALWAYS_EMBED_SWIFT_STANDARD_LIBRARIES = YES;
				CODE_SIGN_STYLE = Automatic;
				CURRENT_PROJECT_VERSION = 1;
				GENERATE_INFOPLIST_FILE = YES;
				MARKETING_VERSION = 1.0;
				PRODUCT_BUNDLE_IDENTIFIER = com.plexustechnology.ErrorHandlingAPIUITests;
				PRODUCT_NAME = "$(TARGET_NAME)";
				SWIFT_EMIT_LOC_STRINGS = NO;
				SWIFT_VERSION = 5.0;
				TARGETED_DEVICE_FAMILY = "1,2";
				TEST_TARGET_NAME = ErrorHandlingAPI;
			};
			name = Debug;
		};
		BD8027D52C1DF67800160199 /* Release */ = {
			isa = XCBuildConfiguration;
			baseConfigurationReference = 7DB48646EA677C59825A7ACA /* Pods-ErrorHandlingAPI-ErrorHandlingAPIUITests.release.xcconfig */;
			buildSettings = {
				ALWAYS_EMBED_SWIFT_STANDARD_LIBRARIES = YES;
				CODE_SIGN_STYLE = Automatic;
				CURRENT_PROJECT_VERSION = 1;
				GENERATE_INFOPLIST_FILE = YES;
				MARKETING_VERSION = 1.0;
				PRODUCT_BUNDLE_IDENTIFIER = com.plexustechnology.ErrorHandlingAPIUITests;
				PRODUCT_NAME = "$(TARGET_NAME)";
				SWIFT_EMIT_LOC_STRINGS = NO;
				SWIFT_VERSION = 5.0;
				TARGETED_DEVICE_FAMILY = "1,2";
				TEST_TARGET_NAME = ErrorHandlingAPI;
			};
			name = Release;
		};
/* End XCBuildConfiguration section */

/* Begin XCConfigurationList section */
		BD80279E2C1DF67600160199 /* Build configuration list for PBXProject "ErrorHandlingAPI" */ = {
			isa = XCConfigurationList;
			buildConfigurations = (
				BD8027CB2C1DF67800160199 /* Debug */,
				BD8027CC2C1DF67800160199 /* Release */,
			);
			defaultConfigurationIsVisible = 0;
			defaultConfigurationName = Release;
		};
		BD8027CD2C1DF67800160199 /* Build configuration list for PBXNativeTarget "ErrorHandlingAPI" */ = {
			isa = XCConfigurationList;
			buildConfigurations = (
				BD8027CE2C1DF67800160199 /* Debug */,
				BD8027CF2C1DF67800160199 /* Release */,
			);
			defaultConfigurationIsVisible = 0;
			defaultConfigurationName = Release;
		};
		BD8027D02C1DF67800160199 /* Build configuration list for PBXNativeTarget "ErrorHandlingAPITests" */ = {
			isa = XCConfigurationList;
			buildConfigurations = (
				BD8027D12C1DF67800160199 /* Debug */,
				BD8027D22C1DF67800160199 /* Release */,
			);
			defaultConfigurationIsVisible = 0;
			defaultConfigurationName = Release;
		};
		BD8027D32C1DF67800160199 /* Build configuration list for PBXNativeTarget "ErrorHandlingAPIUITests" */ = {
			isa = XCConfigurationList;
			buildConfigurations = (
				BD8027D42C1DF67800160199 /* Debug */,
				BD8027D52C1DF67800160199 /* Release */,
			);
			defaultConfigurationIsVisible = 0;
			defaultConfigurationName = Release;
		};
/* End XCConfigurationList section */
	};
	rootObject = BD80279B2C1DF67600160199 /* Project object */;
}
